
Microsoft Visual Studio Solution File, Format Version 12.00
# Visual Studio Version 17
VisualStudioVersion = 17.9.34407.89
MinimumVisualStudioVersion = 10.0.40219.1
Project("{9A19103F-16F7-4668-BE54-9A1E7A4F7556}") = "Microservices", "Microservices\Microservices.csproj", "{864D7896-9B3E-49BA-8131-6E21E4D8ABA3}"
EndProject
Project("{9A19103F-16F7-4668-BE54-9A1E7A4F7556}") = "CommandsService", "CommandsService\CommandsService\CommandsService.csproj", "{6B0AC4CC-EBC9-48B7-8013-37F2022B23BA}"
EndProject
Global
	GlobalSection(SolutionConfigurationPlatforms) = preSolution
		Debug|Any CPU = Debug|Any CPU
		Release|Any CPU = Release|Any CPU
	EndGlobalSection
	GlobalSection(ProjectConfigurationPlatforms) = postSolution
		{864D7896-9B3E-49BA-8131-6E21E4D8ABA3}.Debug|Any CPU.ActiveCfg = Debug|Any CPU
		{864D7896-9B3E-49BA-8131-6E21E4D8ABA3}.Debug|Any CPU.Build.0 = Debug|Any CPU
		{864D7896-9B3E-49BA-8131-6E21E4D8ABA3}.Release|Any CPU.ActiveCfg = Release|Any CPU
		{864D7896-9B3E-49BA-8131-6E21E4D8ABA3}.Release|Any CPU.Build.0 = Release|Any CPU
		{6B0AC4CC-EBC9-48B7-8013-37F2022B23BA}.Debug|Any CPU.ActiveCfg = Debug|Any CPU
		{6B0AC4CC-EBC9-48B7-8013-37F2022B23BA}.Debug|Any CPU.Build.0 = Debug|Any CPU
		{6B0AC4CC-EBC9-48B7-8013-37F2022B23BA}.Release|Any CPU.ActiveCfg = Release|Any CPU
		{6B0AC4CC-EBC9-48B7-8013-37F2022B23BA}.Release|Any CPU.Build.0 = Release|Any CPU
	EndGlobalSection
	GlobalSection(SolutionProperties) = preSolution
		HideSolutionNode = FALSE
	EndGlobalSection
	GlobalSection(ExtensibilityGlobals) = postSolution
		SolutionGuid = {C8BE5A42-02E8-4FA5-94CC-6019933F9943}
	EndGlobalSection
EndGlobal
