
Microsoft Visual Studio Solution File, Format Version 12.00
# Visual Studio Version 17
VisualStudioVersion = 17.9.34407.89
MinimumVisualStudioVersion = 10.0.40219.1
Project("{9A19103F-16F7-4668-BE54-9A1E7A4F7556}") = "CommandsService", "CommandsService\CommandsService.csproj", "{FEB9E6E2-1E4B-4BE2-8AEE-FC1525111CB0}"
EndProject
Global
	GlobalSection(SolutionConfigurationPlatforms) = preSolution
		Debug|Any CPU = Debug|Any CPU
		Release|Any CPU = Release|Any CPU
	EndGlobalSection
	GlobalSection(ProjectConfigurationPlatforms) = postSolution
		{FEB9E6E2-1E4B-4BE2-8AEE-FC1525111CB0}.Debug|Any CPU.ActiveCfg = Debug|Any CPU
		{FEB9E6E2-1E4B-4BE2-8AEE-FC1525111CB0}.Debug|Any CPU.Build.0 = Debug|Any CPU
		{FEB9E6E2-1E4B-4BE2-8AEE-FC1525111CB0}.Release|Any CPU.ActiveCfg = Release|Any CPU
		{FEB9E6E2-1E4B-4BE2-8AEE-FC1525111CB0}.Release|Any CPU.Build.0 = Release|Any CPU
	EndGlobalSection
	GlobalSection(SolutionProperties) = preSolution
		HideSolutionNode = FALSE
	EndGlobalSection
	GlobalSection(ExtensibilityGlobals) = postSolution
		SolutionGuid = {82F4E9C3-D0EF-4001-8779-C985956073FD}
	EndGlobalSection
EndGlobal
